
Microsoft Visual Studio Solution File, Format Version 12.00
# Visual Studio Version 17
VisualStudioVersion = 17.11.35312.102
MinimumVisualStudioVersion = 10.0.40219.1
Project("{FAE04EC0-301F-11D3-BF4B-00C04F79EFBC}") = "NotesLiftel", "NotesLiftel.csproj", "{88DDFB43-820D-4F5C-893E-EDBE2704F1E8}"
EndProject
Global
	GlobalSection(SolutionConfigurationPlatforms) = preSolution
		Debug|Any CPU = Debug|Any CPU
		Release|Any CPU = Release|Any CPU
	EndGlobalSection
	GlobalSection(ProjectConfigurationPlatforms) = postSolution
		{88DDFB43-820D-4F5C-893E-EDBE2704F1E8}.Debug|Any CPU.ActiveCfg = Debug|Any CPU
		{88DDFB43-820D-4F5C-893E-EDBE2704F1E8}.Debug|Any CPU.Build.0 = Debug|Any CPU
		{88DDFB43-820D-4F5C-893E-EDBE2704F1E8}.Release|Any CPU.ActiveCfg = Release|Any CPU
		{88DDFB43-820D-4F5C-893E-EDBE2704F1E8}.Release|Any CPU.Build.0 = Release|Any CPU
	EndGlobalSection
	GlobalSection(SolutionProperties) = preSolution
		HideSolutionNode = FALSE
	EndGlobalSection
	GlobalSection(ExtensibilityGlobals) = postSolution
		SolutionGuid = {76B2DA25-F398-4904-B3A6-F9673C317F07}
	EndGlobalSection
EndGlobal
